
Microsoft Visual Studio Solution File, Format Version 12.00
Project("{FAE04EC0-301F-11D3-BF4B-00C04F79EFBC}") = "OrdersService", "OrdersService\OrdersService.csproj", "{73DA6AD6-38AC-4CA4-9FE6-1A81604519D8}"
EndProject
Global
	GlobalSection(SolutionConfigurationPlatforms) = preSolution
		Debug|Any CPU = Debug|Any CPU
		Release|Any CPU = Release|Any CPU
	EndGlobalSection
	GlobalSection(ProjectConfigurationPlatforms) = postSolution
		{73DA6AD6-38AC-4CA4-9FE6-1A81604519D8}.Debug|Any CPU.ActiveCfg = Debug|Any CPU
		{73DA6AD6-38AC-4CA4-9FE6-1A81604519D8}.Debug|Any CPU.Build.0 = Debug|Any CPU
		{73DA6AD6-38AC-4CA4-9FE6-1A81604519D8}.Release|Any CPU.ActiveCfg = Release|Any CPU
		{73DA6AD6-38AC-4CA4-9FE6-1A81604519D8}.Release|Any CPU.Build.0 = Release|Any CPU
	EndGlobalSection
EndGlobal
